
Microsoft Visual Studio Solution File, Format Version 12.00
# Visual Studio Version 17
VisualStudioVersion = 17.3.32901.215
MinimumVisualStudioVersion = 10.0.40219.1
Project("{FAE04EC0-301F-11D3-BF4B-00C04F79EFBC}") = "SocialNetworkApp", "SocialNetworkApp\SocialNetworkApp.csproj", "{BAD484CF-0CA4-4A55-BE5B-A2A9144F4407}"
EndProject
Global
	GlobalSection(SolutionConfigurationPlatforms) = preSolution
		Debug|Any CPU = Debug|Any CPU
		Release|Any CPU = Release|Any CPU
	EndGlobalSection
	GlobalSection(ProjectConfigurationPlatforms) = postSolution
		{BAD484CF-0CA4-4A55-BE5B-A2A9144F4407}.Debug|Any CPU.ActiveCfg = Debug|Any CPU
		{BAD484CF-0CA4-4A55-BE5B-A2A9144F4407}.Debug|Any CPU.Build.0 = Debug|Any CPU
		{BAD484CF-0CA4-4A55-BE5B-A2A9144F4407}.Release|Any CPU.ActiveCfg = Release|Any CPU
		{BAD484CF-0CA4-4A55-BE5B-A2A9144F4407}.Release|Any CPU.Build.0 = Release|Any CPU
	EndGlobalSection
	GlobalSection(SolutionProperties) = preSolution
		HideSolutionNode = FALSE
	EndGlobalSection
	GlobalSection(ExtensibilityGlobals) = postSolution
		SolutionGuid = {3B9D8869-44E6-4CFE-90A4-F20A33603EE5}
	EndGlobalSection
EndGlobal
